
Microsoft Visual Studio Solution File, Format Version 12.00
# Visual Studio Version 17
VisualStudioVersion = 17.13.36105.23
MinimumVisualStudioVersion = 10.0.40219.1
Project("{FAE04EC0-301F-11D3-BF4B-00C04F79EFBC}") = "DotnetRAG.Books", "DotnetRAG.Books\DotnetRAG.Books.csproj", "{02C0A2F2-518C-4F97-BF2D-F5B77C672CC7}"
EndProject
Project("{FAE04EC0-301F-11D3-BF4B-00C04F79EFBC}") = "DotnetRAG.DependencyInjection", "DotnetRAG.DependencyInjection\DotnetRAG.DependencyInjection.csproj", "{97AC880C-B676-4408-8051-8F2DA0B0D4C6}"
EndProject
Project("{2150E333-8FDC-42A3-9474-1A3956D46DE8}") = "Hosts", "Hosts", "{02EA681E-C7D8-13C7-8484-4AC65E1B71E8}"
EndProject
Project("{2150E333-8FDC-42A3-9474-1A3956D46DE8}") = "Tools", "Tools", "{50B0DFA2-9280-4C9E-89A9-D6876ADDAB4E}"
EndProject
Project("{FAE04EC0-301F-11D3-BF4B-00C04F79EFBC}") = "DotnetRAG.Tools.Redis", "DotnetRAG.Tools.Redis\DotnetRAG.Tools.Redis.csproj", "{3B2EB1AA-CD5B-4A1C-87EC-85E829BBFB5B}"
EndProject
Project("{FAE04EC0-301F-11D3-BF4B-00C04F79EFBC}") = "DotnetRAG.Tools.AzureAI", "DotnetRAG.Tools.AzureAI\DotnetRAG.Tools.AzureAI.csproj", "{178BE59B-826F-4258-8B15-A0CF19A2E7B2}"
EndProject
Project("{FAE04EC0-301F-11D3-BF4B-00C04F79EFBC}") = "DotnetRAG.WebAPI", "DotnetRAG.WebAPI\DotnetRAG.WebAPI.csproj", "{A71C273B-5042-4066-AA9F-1CA921891A69}"
EndProject
Project("{FAE04EC0-301F-11D3-BF4B-00C04F79EFBC}") = "DotnetRAG.Worker", "DotnetRAG.Worker\DotnetRAG.Worker.csproj", "{10F01E5E-2E84-433E-B6F3-814C6573322B}"
EndProject
Project("{FAE04EC0-301F-11D3-BF4B-00C04F79EFBC}") = "DotnetRAG.Agent", "DotnetRAG.Agent\DotnetRAG.Agent.csproj", "{5DAEA6CE-9268-4548-A1F2-5365245AC31D}"
EndProject
Project("{2150E333-8FDC-42A3-9474-1A3956D46DE8}") = "Solution Items", "Solution Items", "{8EC462FD-D22E-90A8-E5CE-7E832BA40C5D}"
	ProjectSection(SolutionItems) = preProject
		..\docker\docker-compose.yml = ..\docker\docker-compose.yml
		..\README.md = ..\README.md
	EndProjectSection
EndProject
Global
	GlobalSection(SolutionConfigurationPlatforms) = preSolution
		Debug|Any CPU = Debug|Any CPU
		Release|Any CPU = Release|Any CPU
	EndGlobalSection
	GlobalSection(ProjectConfigurationPlatforms) = postSolution
		{02C0A2F2-518C-4F97-BF2D-F5B77C672CC7}.Debug|Any CPU.ActiveCfg = Debug|Any CPU
		{02C0A2F2-518C-4F97-BF2D-F5B77C672CC7}.Debug|Any CPU.Build.0 = Debug|Any CPU
		{02C0A2F2-518C-4F97-BF2D-F5B77C672CC7}.Release|Any CPU.ActiveCfg = Release|Any CPU
		{02C0A2F2-518C-4F97-BF2D-F5B77C672CC7}.Release|Any CPU.Build.0 = Release|Any CPU
		{97AC880C-B676-4408-8051-8F2DA0B0D4C6}.Debug|Any CPU.ActiveCfg = Debug|Any CPU
		{97AC880C-B676-4408-8051-8F2DA0B0D4C6}.Debug|Any CPU.Build.0 = Debug|Any CPU
		{97AC880C-B676-4408-8051-8F2DA0B0D4C6}.Release|Any CPU.ActiveCfg = Release|Any CPU
		{97AC880C-B676-4408-8051-8F2DA0B0D4C6}.Release|Any CPU.Build.0 = Release|Any CPU
		{3B2EB1AA-CD5B-4A1C-87EC-85E829BBFB5B}.Debug|Any CPU.ActiveCfg = Debug|Any CPU
		{3B2EB1AA-CD5B-4A1C-87EC-85E829BBFB5B}.Debug|Any CPU.Build.0 = Debug|Any CPU
		{3B2EB1AA-CD5B-4A1C-87EC-85E829BBFB5B}.Release|Any CPU.ActiveCfg = Release|Any CPU
		{3B2EB1AA-CD5B-4A1C-87EC-85E829BBFB5B}.Release|Any CPU.Build.0 = Release|Any CPU
		{178BE59B-826F-4258-8B15-A0CF19A2E7B2}.Debug|Any CPU.ActiveCfg = Debug|Any CPU
		{178BE59B-826F-4258-8B15-A0CF19A2E7B2}.Debug|Any CPU.Build.0 = Debug|Any CPU
		{178BE59B-826F-4258-8B15-A0CF19A2E7B2}.Release|Any CPU.ActiveCfg = Release|Any CPU
		{178BE59B-826F-4258-8B15-A0CF19A2E7B2}.Release|Any CPU.Build.0 = Release|Any CPU
		{A71C273B-5042-4066-AA9F-1CA921891A69}.Debug|Any CPU.ActiveCfg = Debug|Any CPU
		{A71C273B-5042-4066-AA9F-1CA921891A69}.Debug|Any CPU.Build.0 = Debug|Any CPU
		{A71C273B-5042-4066-AA9F-1CA921891A69}.Release|Any CPU.ActiveCfg = Release|Any CPU
		{A71C273B-5042-4066-AA9F-1CA921891A69}.Release|Any CPU.Build.0 = Release|Any CPU
		{10F01E5E-2E84-433E-B6F3-814C6573322B}.Debug|Any CPU.ActiveCfg = Debug|Any CPU
		{10F01E5E-2E84-433E-B6F3-814C6573322B}.Debug|Any CPU.Build.0 = Debug|Any CPU
		{10F01E5E-2E84-433E-B6F3-814C6573322B}.Release|Any CPU.ActiveCfg = Release|Any CPU
		{10F01E5E-2E84-433E-B6F3-814C6573322B}.Release|Any CPU.Build.0 = Release|Any CPU
		{5DAEA6CE-9268-4548-A1F2-5365245AC31D}.Debug|Any CPU.ActiveCfg = Debug|Any CPU
		{5DAEA6CE-9268-4548-A1F2-5365245AC31D}.Debug|Any CPU.Build.0 = Debug|Any CPU
		{5DAEA6CE-9268-4548-A1F2-5365245AC31D}.Release|Any CPU.ActiveCfg = Release|Any CPU
		{5DAEA6CE-9268-4548-A1F2-5365245AC31D}.Release|Any CPU.Build.0 = Release|Any CPU
	EndGlobalSection
	GlobalSection(SolutionProperties) = preSolution
		HideSolutionNode = FALSE
	EndGlobalSection
	GlobalSection(NestedProjects) = preSolution
		{3B2EB1AA-CD5B-4A1C-87EC-85E829BBFB5B} = {50B0DFA2-9280-4C9E-89A9-D6876ADDAB4E}
		{178BE59B-826F-4258-8B15-A0CF19A2E7B2} = {50B0DFA2-9280-4C9E-89A9-D6876ADDAB4E}
		{A71C273B-5042-4066-AA9F-1CA921891A69} = {02EA681E-C7D8-13C7-8484-4AC65E1B71E8}
		{10F01E5E-2E84-433E-B6F3-814C6573322B} = {02EA681E-C7D8-13C7-8484-4AC65E1B71E8}
		{5DAEA6CE-9268-4548-A1F2-5365245AC31D} = {02EA681E-C7D8-13C7-8484-4AC65E1B71E8}
	EndGlobalSection
	GlobalSection(ExtensibilityGlobals) = postSolution
		SolutionGuid = {BA825F66-87D7-4E1C-B8B1-BD0076ED9A4B}
	EndGlobalSection
EndGlobal
